
Microsoft Visual Studio Solution File, Format Version 12.00
# Visual Studio Version 17
VisualStudioVersion = 17.8.34316.72
MinimumVisualStudioVersion = 10.0.40219.1
Project("{FAE04EC0-301F-11D3-BF4B-00C04F79EFBC}") = "Practica20240319", "Practica20240319\Practica20240319.csproj", "{333CD704-9C97-4E6D-8AE0-10711025A190}"
EndProject
Global
	GlobalSection(SolutionConfigurationPlatforms) = preSolution
		Debug|Any CPU = Debug|Any CPU
		Release|Any CPU = Release|Any CPU
	EndGlobalSection
	GlobalSection(ProjectConfigurationPlatforms) = postSolution
		{333CD704-9C97-4E6D-8AE0-10711025A190}.Debug|Any CPU.ActiveCfg = Debug|Any CPU
		{333CD704-9C97-4E6D-8AE0-10711025A190}.Debug|Any CPU.Build.0 = Debug|Any CPU
		{333CD704-9C97-4E6D-8AE0-10711025A190}.Release|Any CPU.ActiveCfg = Release|Any CPU
		{333CD704-9C97-4E6D-8AE0-10711025A190}.Release|Any CPU.Build.0 = Release|Any CPU
	EndGlobalSection
	GlobalSection(SolutionProperties) = preSolution
		HideSolutionNode = FALSE
	EndGlobalSection
	GlobalSection(ExtensibilityGlobals) = postSolution
		SolutionGuid = {8F9884C7-7DFB-4A4E-ACA5-117485F6A280}
	EndGlobalSection
EndGlobal
